
Microsoft Visual Studio Solution File, Format Version 12.00
# Visual Studio Version 16
VisualStudioVersion = 16.0.29806.167
MinimumVisualStudioVersion = 10.0.40219.1
Project("{FAE04EC0-301F-11D3-BF4B-00C04F79EFBC}") = "smtpEmailSender", "smtpEmailSender\smtpEmailSender.csproj", "{0F5215D0-9CA0-4F8C-90FE-F4D1CF89A75F}"
EndProject
Global
	GlobalSection(SolutionConfigurationPlatforms) = preSolution
		Debug|Any CPU = Debug|Any CPU
		Release|Any CPU = Release|Any CPU
	EndGlobalSection
	GlobalSection(ProjectConfigurationPlatforms) = postSolution
		{0F5215D0-9CA0-4F8C-90FE-F4D1CF89A75F}.Debug|Any CPU.ActiveCfg = Debug|Any CPU
		{0F5215D0-9CA0-4F8C-90FE-F4D1CF89A75F}.Debug|Any CPU.Build.0 = Debug|Any CPU
		{0F5215D0-9CA0-4F8C-90FE-F4D1CF89A75F}.Release|Any CPU.ActiveCfg = Release|Any CPU
		{0F5215D0-9CA0-4F8C-90FE-F4D1CF89A75F}.Release|Any CPU.Build.0 = Release|Any CPU
	EndGlobalSection
	GlobalSection(SolutionProperties) = preSolution
		HideSolutionNode = FALSE
	EndGlobalSection
	GlobalSection(ExtensibilityGlobals) = postSolution
		SolutionGuid = {4B3C5453-57F0-4E8D-ADA7-56A2AA6AF286}
	EndGlobalSection
EndGlobal
